
Microsoft Visual Studio Solution File, Format Version 12.00
# Visual Studio Version 16
VisualStudioVersion = 16.0.29613.14
MinimumVisualStudioVersion = 10.0.40219.1
Project("{9A19103F-16F7-4668-BE54-9A1E7A4F7556}") = "AsyncProgramming", "AsyncProgramming\AsyncProgramming.csproj", "{B2897E22-0A01-40CE-88EF-5107FC123C03}"
EndProject
Project("{9A19103F-16F7-4668-BE54-9A1E7A4F7556}") = "AsyncProgrammingMVC", "AsyncProgrammingMVC\AsyncProgrammingMVC.csproj", "{AE6CA15E-9CAE-4468-81EE-0932064A5BF5}"
EndProject
Project("{9A19103F-16F7-4668-BE54-9A1E7A4F7556}") = "EF.CodeFirstApproach", "EF.CodeFirstApproach\EF.CodeFirstApproach.csproj", "{F2D0D6FC-468A-43CA-9948-880DE8D4C9F9}"
EndProject
Project("{FAE04EC0-301F-11D3-BF4B-00C04F79EFBC}") = "EF.DatabaseFirstApproach", "EF.DatabaseFirstApproach\EF.DatabaseFirstApproach.csproj", "{A57F6F20-9BBF-4275-B6F4-1D4878BD6EBC}"
EndProject
Global
	GlobalSection(SolutionConfigurationPlatforms) = preSolution
		Debug|Any CPU = Debug|Any CPU
		Release|Any CPU = Release|Any CPU
	EndGlobalSection
	GlobalSection(ProjectConfigurationPlatforms) = postSolution
		{B2897E22-0A01-40CE-88EF-5107FC123C03}.Debug|Any CPU.ActiveCfg = Debug|Any CPU
		{B2897E22-0A01-40CE-88EF-5107FC123C03}.Debug|Any CPU.Build.0 = Debug|Any CPU
		{B2897E22-0A01-40CE-88EF-5107FC123C03}.Release|Any CPU.ActiveCfg = Release|Any CPU
		{B2897E22-0A01-40CE-88EF-5107FC123C03}.Release|Any CPU.Build.0 = Release|Any CPU
		{AE6CA15E-9CAE-4468-81EE-0932064A5BF5}.Debug|Any CPU.ActiveCfg = Debug|Any CPU
		{AE6CA15E-9CAE-4468-81EE-0932064A5BF5}.Debug|Any CPU.Build.0 = Debug|Any CPU
		{AE6CA15E-9CAE-4468-81EE-0932064A5BF5}.Release|Any CPU.ActiveCfg = Release|Any CPU
		{AE6CA15E-9CAE-4468-81EE-0932064A5BF5}.Release|Any CPU.Build.0 = Release|Any CPU
		{F2D0D6FC-468A-43CA-9948-880DE8D4C9F9}.Debug|Any CPU.ActiveCfg = Debug|Any CPU
		{F2D0D6FC-468A-43CA-9948-880DE8D4C9F9}.Debug|Any CPU.Build.0 = Debug|Any CPU
		{F2D0D6FC-468A-43CA-9948-880DE8D4C9F9}.Release|Any CPU.ActiveCfg = Release|Any CPU
		{F2D0D6FC-468A-43CA-9948-880DE8D4C9F9}.Release|Any CPU.Build.0 = Release|Any CPU
		{A57F6F20-9BBF-4275-B6F4-1D4878BD6EBC}.Debug|Any CPU.ActiveCfg = Debug|Any CPU
		{A57F6F20-9BBF-4275-B6F4-1D4878BD6EBC}.Debug|Any CPU.Build.0 = Debug|Any CPU
		{A57F6F20-9BBF-4275-B6F4-1D4878BD6EBC}.Release|Any CPU.ActiveCfg = Release|Any CPU
		{A57F6F20-9BBF-4275-B6F4-1D4878BD6EBC}.Release|Any CPU.Build.0 = Release|Any CPU
	EndGlobalSection
	GlobalSection(SolutionProperties) = preSolution
		HideSolutionNode = FALSE
	EndGlobalSection
	GlobalSection(ExtensibilityGlobals) = postSolution
		SolutionGuid = {B47B045F-C184-4C7E-B1E2-60695C325971}
	EndGlobalSection
EndGlobal
